
Microsoft Visual Studio Solution File, Format Version 12.00
# Visual Studio Version 17
VisualStudioVersion = 17.2.32616.157
MinimumVisualStudioVersion = 10.0.40219.1
Project("{9A19103F-16F7-4668-BE54-9A1E7A4F7556}") = "GeocodingApi", "GeocodingApi\GeocodingApi.csproj", "{6BE763DB-2262-4679-BB21-3F34DD6306F1}"
EndProject
Project("{FAE04EC0-301F-11D3-BF4B-00C04F79EFBC}") = "Business", "Business\Business.csproj", "{8377FC86-9B93-457D-87DA-C23413424B30}"
EndProject
Project("{FAE04EC0-301F-11D3-BF4B-00C04F79EFBC}") = "GeocodingApiTests", "GeocodingApiTests\GeocodingApiTests.csproj", "{34617C32-C364-4F98-8B02-4636197C652C}"
EndProject
Global
	GlobalSection(SolutionConfigurationPlatforms) = preSolution
		Debug|Any CPU = Debug|Any CPU
		Release|Any CPU = Release|Any CPU
	EndGlobalSection
	GlobalSection(ProjectConfigurationPlatforms) = postSolution
		{6BE763DB-2262-4679-BB21-3F34DD6306F1}.Debug|Any CPU.ActiveCfg = Debug|Any CPU
		{6BE763DB-2262-4679-BB21-3F34DD6306F1}.Debug|Any CPU.Build.0 = Debug|Any CPU
		{6BE763DB-2262-4679-BB21-3F34DD6306F1}.Release|Any CPU.ActiveCfg = Release|Any CPU
		{6BE763DB-2262-4679-BB21-3F34DD6306F1}.Release|Any CPU.Build.0 = Release|Any CPU
		{8377FC86-9B93-457D-87DA-C23413424B30}.Debug|Any CPU.ActiveCfg = Debug|Any CPU
		{8377FC86-9B93-457D-87DA-C23413424B30}.Debug|Any CPU.Build.0 = Debug|Any CPU
		{8377FC86-9B93-457D-87DA-C23413424B30}.Release|Any CPU.ActiveCfg = Release|Any CPU
		{8377FC86-9B93-457D-87DA-C23413424B30}.Release|Any CPU.Build.0 = Release|Any CPU
		{34617C32-C364-4F98-8B02-4636197C652C}.Debug|Any CPU.ActiveCfg = Debug|Any CPU
		{34617C32-C364-4F98-8B02-4636197C652C}.Debug|Any CPU.Build.0 = Debug|Any CPU
		{34617C32-C364-4F98-8B02-4636197C652C}.Release|Any CPU.ActiveCfg = Release|Any CPU
		{34617C32-C364-4F98-8B02-4636197C652C}.Release|Any CPU.Build.0 = Release|Any CPU
	EndGlobalSection
	GlobalSection(SolutionProperties) = preSolution
		HideSolutionNode = FALSE
	EndGlobalSection
	GlobalSection(ExtensibilityGlobals) = postSolution
		SolutionGuid = {ED8E5D5C-7F6F-4957-AAB0-160AC8CE7B46}
	EndGlobalSection
EndGlobal
